
Microsoft Visual Studio Solution File, Format Version 12.00
# Visual Studio Version 17
VisualStudioVersion = 17.8.34601.278
MinimumVisualStudioVersion = 10.0.40219.1
Project("{FAE04EC0-301F-11D3-BF4B-00C04F79EFBC}") = "Esercizio", "Esercizio.csproj", "{D041BE95-B54A-4984-AA56-314B6FC29C41}"
EndProject
Global
	GlobalSection(SolutionConfigurationPlatforms) = preSolution
		Debug|Any CPU = Debug|Any CPU
		Release|Any CPU = Release|Any CPU
	EndGlobalSection
	GlobalSection(ProjectConfigurationPlatforms) = postSolution
		{D041BE95-B54A-4984-AA56-314B6FC29C41}.Debug|Any CPU.ActiveCfg = Debug|Any CPU
		{D041BE95-B54A-4984-AA56-314B6FC29C41}.Debug|Any CPU.Build.0 = Debug|Any CPU
		{D041BE95-B54A-4984-AA56-314B6FC29C41}.Release|Any CPU.ActiveCfg = Release|Any CPU
		{D041BE95-B54A-4984-AA56-314B6FC29C41}.Release|Any CPU.Build.0 = Release|Any CPU
	EndGlobalSection
	GlobalSection(SolutionProperties) = preSolution
		HideSolutionNode = FALSE
	EndGlobalSection
	GlobalSection(ExtensibilityGlobals) = postSolution
		SolutionGuid = {32CC36D2-9F0B-4958-A097-829AEF5FD1ED}
	EndGlobalSection
EndGlobal
